<?xml version="1.0" encoding="utf-8"?>
<Project ToolsVersion="4.0" xmlns="http://schemas.microsoft.com/developer/msbuild/2003">
  <ItemGroup>
    <Filter Include="소스 파일">
      <UniqueIdentifier>{4FC737F1-C7A5-4376-A066-2A32D752A2FF}</UniqueIdentifier>
      <Extensions>cpp;c;cc;cxx;def;odl;idl;hpj;bat;asm;asmx</Extensions>
    </Filter>
    <Filter Include="헤더 파일">
      <UniqueIdentifier>{93995380-89BD-4b04-88EB-625FBE52EBFB}</UniqueIdentifier>
      <Extensions>h;hh;hpp;hxx;hm;inl;inc;ipp;xsd</Extensions>
    </Filter>
    <Filter Include="소스 파일\리소스 파일">
      <UniqueIdentifier>{67DA6AB6-F800-4c08-8B7A-83BB121AAD01}</UniqueIdentifier>
      <Extensions>rc;ico;cur;bmp;dlg;rc2;rct;bin;rgs;gif;jpg;jpeg;jpe;resx;tiff;tif;png;wav;mfcribbon-ms</Extensions>
    </Filter>
  </ItemGroup>
  <ItemGroup>
    <ClCompile Include="HelloWorld.cpp">
      <Filter>소스 파일</Filter>
    </ClCompile>
    <ClCompile Include="190917.cpp">
      <Filter>소스 파일</Filter>
    </ClCompile>
    <ClCompile Include="190917_2.cpp">
      <Filter>소스 파일</Filter>
    </ClCompile>
    <ClCompile Include="190918.cpp">
      <Filter>소스 파일</Filter>
    </ClCompile>
    <ClCompile Include="190918_2.cpp">
      <Filter>소스 파일</Filter>
    </ClCompile>
    <ClCompile Include="hw.cpp">
      <Filter>소스 파일</Filter>
    </ClCompile>
    <ClCompile Include="190924.cpp">
      <Filter>소스 파일</Filter>
    </ClCompile>
    <ClCompile Include="190925.cpp">
      <Filter>소스 파일</Filter>
    </ClCompile>
    <ClCompile Include="191001_실습19.cpp">
      <Filter>소스 파일</Filter>
    </ClCompile>
    <ClCompile Include="191001_실습20.cpp">
      <Filter>소스 파일</Filter>
    </ClCompile>
    <ClCompile Include="191002_실습21.cpp">
      <Filter>소스 파일</Filter>
    </ClCompile>
    <ClCompile Include="191002_실습21_2.cpp">
      <Filter>소스 파일</Filter>
    </ClCompile>
    <ClCompile Include="191002_실습22.cpp">
      <Filter>소스 파일</Filter>
    </ClCompile>
    <ClCompile Include="191008_실습23.cpp">
      <Filter>소스 파일</Filter>
    </ClCompile>
    <ClCompile Include="191009_실습23(진).cpp">
      <Filter>소스 파일</Filter>
    </ClCompile>
    <ClCompile Include="191008_실습24%28못함%29.cpp">
      <Filter>소스 파일</Filter>
    </ClCompile>
    <ClCompile Include="191015_실습23%28제출%29.cpp">
      <Filter>소스 파일</Filter>
    </ClCompile>
    <ClCompile Include="191023.cpp">
      <Filter>소스 파일</Filter>
    </ClCompile>
    <ClCompile Include="191105_실습25%28제출%29.cpp">
      <Filter>소스 파일</Filter>
    </ClCompile>
    <ClCompile Include="191031_실습24%28제출%29.cpp">
      <Filter>소스 파일</Filter>
    </ClCompile>
    <ClCompile Include="191106.cpp">
      <Filter>소스 파일</Filter>
    </ClCompile>
    <ClCompile Include="191106_실습26.cpp">
      <Filter>소스 파일</Filter>
    </ClCompile>
    <ClCompile Include="191112_실습27.cpp">
      <Filter>소스 파일</Filter>
    </ClCompile>
    <ClCompile Include="191112_실습12%28제출%29.cpp">
      <Filter>소스 파일</Filter>
    </ClCompile>
    <ClCompile Include="191113_실습13%28제출%29.cpp">
      <Filter>소스 파일</Filter>
    </ClCompile>
    <ClCompile Include="191119_실습EliminationBackoffStack.cpp">
      <Filter>소스 파일</Filter>
    </ClCompile>
    <ClCompile Include="191119_LFELSTACK.cpp">
      <Filter>소스 파일</Filter>
    </ClCompile>
  </ItemGroup>
</Project>