
Microsoft Visual Studio Solution File, Format Version 12.00
# Visual Studio 15
VisualStudioVersion = 15.0.28307.705
MinimumVisualStudioVersion = 10.0.40219.1
Project("{8BC9CEB8-8B4A-11D0-8D11-00A0C91BC942}") = "MultiCore", "MultiCore\MultiCore.vcxproj", "{04649C78-F948-4754-AC44-E63BD8466CA1}"
EndProject
Global
	GlobalSection(SolutionConfigurationPlatforms) = preSolution
		Debug|x64 = Debug|x64
		Debug|x86 = Debug|x86
		Release|x64 = Release|x64
		Release|x86 = Release|x86
	EndGlobalSection
	GlobalSection(ProjectConfigurationPlatforms) = postSolution
		{04649C78-F948-4754-AC44-E63BD8466CA1}.Debug|x64.ActiveCfg = Debug|x64
		{04649C78-F948-4754-AC44-E63BD8466CA1}.Debug|x64.Build.0 = Debug|x64
		{04649C78-F948-4754-AC44-E63BD8466CA1}.Debug|x86.ActiveCfg = Debug|Win32
		{04649C78-F948-4754-AC44-E63BD8466CA1}.Debug|x86.Build.0 = Debug|Win32
		{04649C78-F948-4754-AC44-E63BD8466CA1}.Release|x64.ActiveCfg = Release|x64
		{04649C78-F948-4754-AC44-E63BD8466CA1}.Release|x64.Build.0 = Release|x64
		{04649C78-F948-4754-AC44-E63BD8466CA1}.Release|x86.ActiveCfg = Release|Win32
		{04649C78-F948-4754-AC44-E63BD8466CA1}.Release|x86.Build.0 = Release|Win32
	EndGlobalSection
	GlobalSection(SolutionProperties) = preSolution
		HideSolutionNode = FALSE
	EndGlobalSection
	GlobalSection(ExtensibilityGlobals) = postSolution
		SolutionGuid = {BC14F4A4-C52B-4F79-AB1F-5211B1851E01}
	EndGlobalSection
EndGlobal
